
Microsoft Visual Studio Solution File, Format Version 12.00
# Visual Studio Version 17
VisualStudioVersion = 17.0.32112.339
MinimumVisualStudioVersion = 10.0.40219.1
Project("{9A19103F-16F7-4668-BE54-9A1E7A4F7556}") = "DFMS.WebApi", "DFMS.WebApi\DFMS.WebApi.csproj", "{0293CA13-6C14-4F1C-A19E-EDA9F9ED89F8}"
EndProject
Project("{FAE04EC0-301F-11D3-BF4B-00C04F79EFBC}") = "DFMS.Database", "DFMS.Database\DFMS.Database.csproj", "{9EF9D13E-1E4C-4FE6-B4C8-250B50BB1DEB}"
EndProject
Project("{FAE04EC0-301F-11D3-BF4B-00C04F79EFBC}") = "DFMS.Shared", "DFMS.Shared\DFMS.Shared.csproj", "{D26B90DC-219B-413B-A564-3A9C3EFD35FC}"
EndProject
Global
	GlobalSection(SolutionConfigurationPlatforms) = preSolution
		Debug|Any CPU = Debug|Any CPU
		Release|Any CPU = Release|Any CPU
	EndGlobalSection
	GlobalSection(ProjectConfigurationPlatforms) = postSolution
		{0293CA13-6C14-4F1C-A19E-EDA9F9ED89F8}.Debug|Any CPU.ActiveCfg = Debug|Any CPU
		{0293CA13-6C14-4F1C-A19E-EDA9F9ED89F8}.Debug|Any CPU.Build.0 = Debug|Any CPU
		{0293CA13-6C14-4F1C-A19E-EDA9F9ED89F8}.Release|Any CPU.ActiveCfg = Release|Any CPU
		{0293CA13-6C14-4F1C-A19E-EDA9F9ED89F8}.Release|Any CPU.Build.0 = Release|Any CPU
		{9EF9D13E-1E4C-4FE6-B4C8-250B50BB1DEB}.Debug|Any CPU.ActiveCfg = Debug|Any CPU
		{9EF9D13E-1E4C-4FE6-B4C8-250B50BB1DEB}.Debug|Any CPU.Build.0 = Debug|Any CPU
		{9EF9D13E-1E4C-4FE6-B4C8-250B50BB1DEB}.Release|Any CPU.ActiveCfg = Release|Any CPU
		{9EF9D13E-1E4C-4FE6-B4C8-250B50BB1DEB}.Release|Any CPU.Build.0 = Release|Any CPU
		{D26B90DC-219B-413B-A564-3A9C3EFD35FC}.Debug|Any CPU.ActiveCfg = Debug|Any CPU
		{D26B90DC-219B-413B-A564-3A9C3EFD35FC}.Debug|Any CPU.Build.0 = Debug|Any CPU
		{D26B90DC-219B-413B-A564-3A9C3EFD35FC}.Release|Any CPU.ActiveCfg = Release|Any CPU
		{D26B90DC-219B-413B-A564-3A9C3EFD35FC}.Release|Any CPU.Build.0 = Release|Any CPU
	EndGlobalSection
	GlobalSection(SolutionProperties) = preSolution
		HideSolutionNode = FALSE
	EndGlobalSection
	GlobalSection(ExtensibilityGlobals) = postSolution
		SolutionGuid = {F3631C24-803E-41AA-B9B0-15656BE7A280}
	EndGlobalSection
EndGlobal
